
Microsoft Visual Studio Solution File, Format Version 12.00
# Visual Studio Version 17
VisualStudioVersion = 17.13.35825.156 d17.13
MinimumVisualStudioVersion = 10.0.40219.1
Project("{FAE04EC0-301F-11D3-BF4B-00C04F79EFBC}") = "BurakLibrary", "BurakLibrary\BurakLibrary.csproj", "{3ABCE8AB-1674-44B7-85F3-17A1F9FA96F4}"
EndProject
Global
	GlobalSection(SolutionConfigurationPlatforms) = preSolution
		Debug|Any CPU = Debug|Any CPU
		Release|Any CPU = Release|Any CPU
	EndGlobalSection
	GlobalSection(ProjectConfigurationPlatforms) = postSolution
		{3ABCE8AB-1674-44B7-85F3-17A1F9FA96F4}.Debug|Any CPU.ActiveCfg = Debug|Any CPU
		{3ABCE8AB-1674-44B7-85F3-17A1F9FA96F4}.Debug|Any CPU.Build.0 = Debug|Any CPU
		{3ABCE8AB-1674-44B7-85F3-17A1F9FA96F4}.Release|Any CPU.ActiveCfg = Release|Any CPU
		{3ABCE8AB-1674-44B7-85F3-17A1F9FA96F4}.Release|Any CPU.Build.0 = Release|Any CPU
	EndGlobalSection
	GlobalSection(SolutionProperties) = preSolution
		HideSolutionNode = FALSE
	EndGlobalSection
	GlobalSection(ExtensibilityGlobals) = postSolution
		SolutionGuid = {39F3C66B-2462-4494-B1BF-0DD480C1CCAE}
	EndGlobalSection
EndGlobal
