
Microsoft Visual Studio Solution File, Format Version 12.00
# Visual Studio Version 17
VisualStudioVersion = 17.13.35825.156 d17.13
MinimumVisualStudioVersion = 10.0.40219.1
Global
	GlobalSection(SolutionProperties) = preSolution
		HideSolutionNode = FALSE
	EndGlobalSection
	GlobalSection(ExtensibilityGlobals) = postSolution
		SolutionGuid = {39F3C66B-2462-4494-B1BF-0DD480C1CCAE}
	EndGlobalSection
EndGlobal
